
Microsoft Visual Studio Solution File, Format Version 12.00
# Visual Studio Version 16
VisualStudioVersion = 16.0.31112.23
MinimumVisualStudioVersion = 10.0.40219.1
Project("{FAE04EC0-301F-11D3-BF4B-00C04F79EFBC}") = "Home", "Home\Home.csproj", "{12D8282E-732A-43C3-BFA7-640A5BF42DCD}"
EndProject
Global
	GlobalSection(SolutionConfigurationPlatforms) = preSolution
		Debug|Any CPU = Debug|Any CPU
		Release|Any CPU = Release|Any CPU
	EndGlobalSection
	GlobalSection(ProjectConfigurationPlatforms) = postSolution
		{12D8282E-732A-43C3-BFA7-640A5BF42DCD}.Debug|Any CPU.ActiveCfg = Debug|Any CPU
		{12D8282E-732A-43C3-BFA7-640A5BF42DCD}.Debug|Any CPU.Build.0 = Debug|Any CPU
		{12D8282E-732A-43C3-BFA7-640A5BF42DCD}.Release|Any CPU.ActiveCfg = Release|Any CPU
		{12D8282E-732A-43C3-BFA7-640A5BF42DCD}.Release|Any CPU.Build.0 = Release|Any CPU
	EndGlobalSection
	GlobalSection(SolutionProperties) = preSolution
		HideSolutionNode = FALSE
	EndGlobalSection
	GlobalSection(ExtensibilityGlobals) = postSolution
		SolutionGuid = {10B382DA-B8BB-460B-AA73-4B4082A42CA5}
	EndGlobalSection
EndGlobal
